
Microsoft Visual Studio Solution File, Format Version 12.00
# Visual Studio Version 17
VisualStudioVersion = 17.3.32901.215
MinimumVisualStudioVersion = 10.0.40219.1
Project("{FAE04EC0-301F-11D3-BF4B-00C04F79EFBC}") = "Unite_BuildDisplay", "Unite_BuildDisplay.csproj", "{ECABC63C-535D-4771-B48E-880A03465019}"
EndProject
Global
	GlobalSection(SolutionConfigurationPlatforms) = preSolution
		Debug|Any CPU = Debug|Any CPU
		Release|Any CPU = Release|Any CPU
	EndGlobalSection
	GlobalSection(ProjectConfigurationPlatforms) = postSolution
		{ECABC63C-535D-4771-B48E-880A03465019}.Debug|Any CPU.ActiveCfg = Debug|Any CPU
		{ECABC63C-535D-4771-B48E-880A03465019}.Debug|Any CPU.Build.0 = Debug|Any CPU
		{ECABC63C-535D-4771-B48E-880A03465019}.Release|Any CPU.ActiveCfg = Release|Any CPU
		{ECABC63C-535D-4771-B48E-880A03465019}.Release|Any CPU.Build.0 = Release|Any CPU
	EndGlobalSection
	GlobalSection(SolutionProperties) = preSolution
		HideSolutionNode = FALSE
	EndGlobalSection
	GlobalSection(ExtensibilityGlobals) = postSolution
		SolutionGuid = {42F3FD85-DC90-47E0-B6B7-3168288FF2EB}
	EndGlobalSection
EndGlobal
